
Microsoft Visual Studio Solution File, Format Version 12.00
# Visual Studio 2012
Project("{FAE04EC0-301F-11D3-BF4B-00C04F79EFBC}") = "ITAKE_KataTennis", "ITAKE_KataTennis.csproj", "{90685B22-FABA-46F1-98FC-7B57275E3B65}"
EndProject
Project("{FAE04EC0-301F-11D3-BF4B-00C04F79EFBC}") = "ITAKE_KataTennis.Test", "..\ITAKE_KataTennis.Test\ITAKE_KataTennis.Test.csproj", "{76211688-EF7D-4FBA-B5A1-7AC8A3E6C7F7}"
EndProject
Global
	GlobalSection(SolutionConfigurationPlatforms) = preSolution
		Debug|Any CPU = Debug|Any CPU
		Release|Any CPU = Release|Any CPU
	EndGlobalSection
	GlobalSection(ProjectConfigurationPlatforms) = postSolution
		{90685B22-FABA-46F1-98FC-7B57275E3B65}.Debug|Any CPU.ActiveCfg = Debug|Any CPU
		{90685B22-FABA-46F1-98FC-7B57275E3B65}.Debug|Any CPU.Build.0 = Debug|Any CPU
		{90685B22-FABA-46F1-98FC-7B57275E3B65}.Release|Any CPU.ActiveCfg = Release|Any CPU
		{90685B22-FABA-46F1-98FC-7B57275E3B65}.Release|Any CPU.Build.0 = Release|Any CPU
		{76211688-EF7D-4FBA-B5A1-7AC8A3E6C7F7}.Debug|Any CPU.ActiveCfg = Debug|Any CPU
		{76211688-EF7D-4FBA-B5A1-7AC8A3E6C7F7}.Debug|Any CPU.Build.0 = Debug|Any CPU
		{76211688-EF7D-4FBA-B5A1-7AC8A3E6C7F7}.Release|Any CPU.ActiveCfg = Release|Any CPU
		{76211688-EF7D-4FBA-B5A1-7AC8A3E6C7F7}.Release|Any CPU.Build.0 = Release|Any CPU
	EndGlobalSection
	GlobalSection(SolutionProperties) = preSolution
		HideSolutionNode = FALSE
	EndGlobalSection
EndGlobal
